
Microsoft Visual Studio Solution File, Format Version 12.00
# Visual Studio Version 17
VisualStudioVersion = 17.0.31903.59
MinimumVisualStudioVersion = 10.0.40219.1
Project("{FAE04EC0-301F-11D3-BF4B-00C04F79EFBC}") = "CPU", "CPU\CPU.csproj", "{128F9A17-1267-4C1C-A385-3A59F5D6772F}"
EndProject
Project("{FAE04EC0-301F-11D3-BF4B-00C04F79EFBC}") = "tests", "tests\tests.csproj", "{34304C70-B080-4706-A6A9-DFB4E152144D}"
EndProject
Global
	GlobalSection(SolutionConfigurationPlatforms) = preSolution
		Debug|Any CPU = Debug|Any CPU
		Release|Any CPU = Release|Any CPU
	EndGlobalSection
	GlobalSection(SolutionProperties) = preSolution
		HideSolutionNode = FALSE
	EndGlobalSection
	GlobalSection(ProjectConfigurationPlatforms) = postSolution
		{128F9A17-1267-4C1C-A385-3A59F5D6772F}.Debug|Any CPU.ActiveCfg = Debug|Any CPU
		{128F9A17-1267-4C1C-A385-3A59F5D6772F}.Debug|Any CPU.Build.0 = Debug|Any CPU
		{128F9A17-1267-4C1C-A385-3A59F5D6772F}.Release|Any CPU.ActiveCfg = Release|Any CPU
		{128F9A17-1267-4C1C-A385-3A59F5D6772F}.Release|Any CPU.Build.0 = Release|Any CPU
		{34304C70-B080-4706-A6A9-DFB4E152144D}.Debug|Any CPU.ActiveCfg = Debug|Any CPU
		{34304C70-B080-4706-A6A9-DFB4E152144D}.Debug|Any CPU.Build.0 = Debug|Any CPU
		{34304C70-B080-4706-A6A9-DFB4E152144D}.Release|Any CPU.ActiveCfg = Release|Any CPU
		{34304C70-B080-4706-A6A9-DFB4E152144D}.Release|Any CPU.Build.0 = Release|Any CPU
	EndGlobalSection
EndGlobal
